
Microsoft Visual Studio Solution File, Format Version 12.00
# Visual Studio Version 17
VisualStudioVersion = 17.11.35312.102
MinimumVisualStudioVersion = 10.0.40219.1
Project("{2150E333-8FDC-42A3-9474-1A3956D46DE8}") = "Services", "Services", "{4AC5DF11-7F70-4B02-BA14-9D319E51F097}"
EndProject
Project("{2150E333-8FDC-42A3-9474-1A3956D46DE8}") = "Catalog", "Catalog", "{40DFE9AE-7DAA-49B0-953F-3EC39C4826C2}"
EndProject
Project("{9A19103F-16F7-4668-BE54-9A1E7A4F7556}") = "Catalog.API", "Services\Catalog\Catalog.API\Catalog.API.csproj", "{44A498E1-8EE0-449E-BCB9-2E4F7E60A01D}"
EndProject
Project("{2150E333-8FDC-42A3-9474-1A3956D46DE8}") = "BuildingBlocks", "BuildingBlocks", "{EFDFD062-FADA-48E6-98A6-BD9D455FEDF5}"
EndProject
Project("{9A19103F-16F7-4668-BE54-9A1E7A4F7556}") = "BuildingBlock", "BuildingBlock\BuildingBlock\BuildingBlock.csproj", "{7A316EF7-8712-4219-8B29-4FEFF855A27D}"
EndProject
Project("{E53339B2-1760-4266-BCC7-CA923CBCF16C}") = "docker-compose", "docker-compose.dcproj", "{C6C4807E-4420-4997-9D10-1B636ED53BEB}"
EndProject
Project("{2150E333-8FDC-42A3-9474-1A3956D46DE8}") = "Basket", "Basket", "{3B914A59-53E6-45DD-AA47-5028F36D5E82}"
EndProject
Project("{9A19103F-16F7-4668-BE54-9A1E7A4F7556}") = "Basket.API", "Services\Basket\Basket.API\Basket.API.csproj", "{E8066AF0-5832-4360-BE81-4220C0F4389B}"
EndProject
Project("{2150E333-8FDC-42A3-9474-1A3956D46DE8}") = "Discount", "Discount", "{39DCB72C-26EC-4AEA-BFA3-64ED2BE98EA7}"
EndProject
Project("{9A19103F-16F7-4668-BE54-9A1E7A4F7556}") = "Discount.Grpc", "Services\Discount\Discount.Grpc\Discount.Grpc.csproj", "{A5DF28AB-6C4F-438C-AFBD-306676CE1D3C}"
EndProject
Project("{2150E333-8FDC-42A3-9474-1A3956D46DE8}") = "Ordering", "Ordering", "{4928E224-4D03-4BB6-A6BA-2AB490020E8C}"
EndProject
Project("{FAE04EC0-301F-11D3-BF4B-00C04F79EFBC}") = "Ordering.API", "Services\Ordering\Ordering.API\Ordering.API.csproj", "{515C3470-E5AF-4D14-85E7-EF5CC45B0E4C}"
EndProject
Global
	GlobalSection(SolutionConfigurationPlatforms) = preSolution
		Debug|Any CPU = Debug|Any CPU
		Release|Any CPU = Release|Any CPU
	EndGlobalSection
	GlobalSection(ProjectConfigurationPlatforms) = postSolution
		{44A498E1-8EE0-449E-BCB9-2E4F7E60A01D}.Debug|Any CPU.ActiveCfg = Debug|Any CPU
		{44A498E1-8EE0-449E-BCB9-2E4F7E60A01D}.Debug|Any CPU.Build.0 = Debug|Any CPU
		{44A498E1-8EE0-449E-BCB9-2E4F7E60A01D}.Release|Any CPU.ActiveCfg = Release|Any CPU
		{44A498E1-8EE0-449E-BCB9-2E4F7E60A01D}.Release|Any CPU.Build.0 = Release|Any CPU
		{7A316EF7-8712-4219-8B29-4FEFF855A27D}.Debug|Any CPU.ActiveCfg = Debug|Any CPU
		{7A316EF7-8712-4219-8B29-4FEFF855A27D}.Debug|Any CPU.Build.0 = Debug|Any CPU
		{7A316EF7-8712-4219-8B29-4FEFF855A27D}.Release|Any CPU.ActiveCfg = Release|Any CPU
		{7A316EF7-8712-4219-8B29-4FEFF855A27D}.Release|Any CPU.Build.0 = Release|Any CPU
		{C6C4807E-4420-4997-9D10-1B636ED53BEB}.Debug|Any CPU.ActiveCfg = Debug|Any CPU
		{C6C4807E-4420-4997-9D10-1B636ED53BEB}.Debug|Any CPU.Build.0 = Debug|Any CPU
		{C6C4807E-4420-4997-9D10-1B636ED53BEB}.Release|Any CPU.ActiveCfg = Release|Any CPU
		{C6C4807E-4420-4997-9D10-1B636ED53BEB}.Release|Any CPU.Build.0 = Release|Any CPU
		{E8066AF0-5832-4360-BE81-4220C0F4389B}.Debug|Any CPU.ActiveCfg = Debug|Any CPU
		{E8066AF0-5832-4360-BE81-4220C0F4389B}.Debug|Any CPU.Build.0 = Debug|Any CPU
		{E8066AF0-5832-4360-BE81-4220C0F4389B}.Release|Any CPU.ActiveCfg = Release|Any CPU
		{E8066AF0-5832-4360-BE81-4220C0F4389B}.Release|Any CPU.Build.0 = Release|Any CPU
		{A5DF28AB-6C4F-438C-AFBD-306676CE1D3C}.Debug|Any CPU.ActiveCfg = Debug|Any CPU
		{A5DF28AB-6C4F-438C-AFBD-306676CE1D3C}.Debug|Any CPU.Build.0 = Debug|Any CPU
		{A5DF28AB-6C4F-438C-AFBD-306676CE1D3C}.Release|Any CPU.ActiveCfg = Release|Any CPU
		{A5DF28AB-6C4F-438C-AFBD-306676CE1D3C}.Release|Any CPU.Build.0 = Release|Any CPU
		{515C3470-E5AF-4D14-85E7-EF5CC45B0E4C}.Debug|Any CPU.ActiveCfg = Debug|Any CPU
		{515C3470-E5AF-4D14-85E7-EF5CC45B0E4C}.Debug|Any CPU.Build.0 = Debug|Any CPU
		{515C3470-E5AF-4D14-85E7-EF5CC45B0E4C}.Release|Any CPU.ActiveCfg = Release|Any CPU
		{515C3470-E5AF-4D14-85E7-EF5CC45B0E4C}.Release|Any CPU.Build.0 = Release|Any CPU
	EndGlobalSection
	GlobalSection(SolutionProperties) = preSolution
		HideSolutionNode = FALSE
	EndGlobalSection
	GlobalSection(NestedProjects) = preSolution
		{40DFE9AE-7DAA-49B0-953F-3EC39C4826C2} = {4AC5DF11-7F70-4B02-BA14-9D319E51F097}
		{44A498E1-8EE0-449E-BCB9-2E4F7E60A01D} = {40DFE9AE-7DAA-49B0-953F-3EC39C4826C2}
		{7A316EF7-8712-4219-8B29-4FEFF855A27D} = {EFDFD062-FADA-48E6-98A6-BD9D455FEDF5}
		{3B914A59-53E6-45DD-AA47-5028F36D5E82} = {4AC5DF11-7F70-4B02-BA14-9D319E51F097}
		{E8066AF0-5832-4360-BE81-4220C0F4389B} = {3B914A59-53E6-45DD-AA47-5028F36D5E82}
		{39DCB72C-26EC-4AEA-BFA3-64ED2BE98EA7} = {4AC5DF11-7F70-4B02-BA14-9D319E51F097}
		{A5DF28AB-6C4F-438C-AFBD-306676CE1D3C} = {39DCB72C-26EC-4AEA-BFA3-64ED2BE98EA7}
		{4928E224-4D03-4BB6-A6BA-2AB490020E8C} = {4AC5DF11-7F70-4B02-BA14-9D319E51F097}
		{515C3470-E5AF-4D14-85E7-EF5CC45B0E4C} = {4928E224-4D03-4BB6-A6BA-2AB490020E8C}
	EndGlobalSection
	GlobalSection(ExtensibilityGlobals) = postSolution
		SolutionGuid = {8B26ED4D-CD90-4F59-88A9-C4948DD4B417}
	EndGlobalSection
EndGlobal
